
Microsoft Visual Studio Solution File, Format Version 12.00
# Visual Studio Version 16
VisualStudioVersion = 16.0.31005.135
MinimumVisualStudioVersion = 10.0.40219.1
Project("{FAE04EC0-301F-11D3-BF4B-00C04F79EFBC}") = "OrderSystem", "OrderSystem.csproj", "{D906C83C-07C4-47B2-A3F4-0BE48E859EAF}"
EndProject
Global
	GlobalSection(SolutionConfigurationPlatforms) = preSolution
		Debug|Any CPU = Debug|Any CPU
		Release|Any CPU = Release|Any CPU
	EndGlobalSection
	GlobalSection(ProjectConfigurationPlatforms) = postSolution
		{D906C83C-07C4-47B2-A3F4-0BE48E859EAF}.Debug|Any CPU.ActiveCfg = Debug|Any CPU
		{D906C83C-07C4-47B2-A3F4-0BE48E859EAF}.Debug|Any CPU.Build.0 = Debug|Any CPU
		{D906C83C-07C4-47B2-A3F4-0BE48E859EAF}.Release|Any CPU.ActiveCfg = Release|Any CPU
		{D906C83C-07C4-47B2-A3F4-0BE48E859EAF}.Release|Any CPU.Build.0 = Release|Any CPU
	EndGlobalSection
	GlobalSection(SolutionProperties) = preSolution
		HideSolutionNode = FALSE
	EndGlobalSection
	GlobalSection(ExtensibilityGlobals) = postSolution
		SolutionGuid = {D1C03045-1FDB-4313-BDC3-913420CC0CC7}
	EndGlobalSection
EndGlobal
